{
  "name": "deno-std-in-node",
  "version": "1.0.0",
  "lockfileVersion": 3,
  "requires": true,
  "packages": {
    "": {
      "name": "deno-std-in-node",
      "version": "1.0.0",
      "license": "ISC",
      "dependencies": {
        "@std/async": "npm:@jsr/std__async@^1.0.14"
      },
      "devDependencies": {
        "@types/node": "^24.5.2",
        "typescript": "^5.9.2"
      }
    },
    "node_modules/@std/async": {
      "name": "@jsr/std__async",
      "version": "1.0.14",
      "resolved": "https://npm.jsr.io/~/11/@jsr/std__async/1.0.14.tgz",
      "integrity": "sha512-aIG8W3TOmW+lKdAJA5w56qASu9EiUmBXbhW6eAlSEUBid+KVESGqQygFFg+awt/c8K+qobVM6M/u3SbIy0NyUQ=="
    },
    "node_modules/@types/node": {
      "version": "24.5.2",
      "resolved": "https://registry.npmjs.org/@types/node/-/node-24.5.2.tgz",
      "integrity": "sha512-FYxk1I7wPv3K2XBaoyH2cTnocQEu8AOZ60hPbsyukMPLv5/5qr7V1i8PLHdl6Zf87I+xZXFvPCXYjiTFq+YSDQ==",
      "dev": true,
      "license": "MIT",
      "dependencies": {
        "undici-types": "~7.12.0"
      }
    },
    "node_modules/typescript": {
      "version": "5.9.2",
      "resolved": "https://registry.npmjs.org/typescript/-/typescript-5.9.2.tgz",
      "integrity": "sha512-CWBzXQrc/qOkhidw1OzBTQuYRbfyxDXJMVJ1XNwUHGROVmuaeiEm3OslpZ1RV96d7SKKjZKrSJu3+t/xlw3R9A==",
      "dev": true,
      "license": "Apache-2.0",
      "bin": {
        "tsc": "bin/tsc",
        "tsserver": "bin/tsserver"
      },
      "engines": {
        "node": ">=14.17"
      }
    },
    "node_modules/undici-types": {
      "version": "7.12.0",
      "resolved": "https://registry.npmjs.org/undici-types/-/undici-types-7.12.0.tgz",
      "integrity": "sha512-goOacqME2GYyOZZfb5Lgtu+1IDmAlAEu5xnD3+xTzS10hT0vzpf0SPjkXwAw9Jm+4n/mQGDP3LO8CPbYROeBfQ==",
      "dev": true,
      "license": "MIT"
    }
  }
}
